
Microsoft Visual Studio Solution File, Format Version 12.00
# Visual Studio Version 17
VisualStudioVersion = 17.4.33213.308
MinimumVisualStudioVersion = 10.0.40219.1
Project("{FAE04EC0-301F-11D3-BF4B-00C04F79EFBC}") = "bankAccounts", "bankAccounts\bankAccounts.csproj", "{15547550-887F-4653-AD7F-2A4562094F73}"
EndProject
Global
	GlobalSection(SolutionConfigurationPlatforms) = preSolution
		Debug|Any CPU = Debug|Any CPU
		Release|Any CPU = Release|Any CPU
	EndGlobalSection
	GlobalSection(ProjectConfigurationPlatforms) = postSolution
		{15547550-887F-4653-AD7F-2A4562094F73}.Debug|Any CPU.ActiveCfg = Debug|Any CPU
		{15547550-887F-4653-AD7F-2A4562094F73}.Debug|Any CPU.Build.0 = Debug|Any CPU
		{15547550-887F-4653-AD7F-2A4562094F73}.Release|Any CPU.ActiveCfg = Release|Any CPU
		{15547550-887F-4653-AD7F-2A4562094F73}.Release|Any CPU.Build.0 = Release|Any CPU
	EndGlobalSection
	GlobalSection(SolutionProperties) = preSolution
		HideSolutionNode = FALSE
	EndGlobalSection
	GlobalSection(ExtensibilityGlobals) = postSolution
		SolutionGuid = {E55728DB-4A44-4C2C-8E6B-966623E7B521}
	EndGlobalSection
EndGlobal
